// !$*UTF8*$!
{
	archiveVersion = 1;
	classes = {
	};
	objectVersion = 50;
	objects = {

/* Begin PBXBuildFile section */
		67BF573D22854C0600D1D938 /* AppDelegate.swift in Sources */ = {isa = PBXBuildFile; fileRef = 67BF573C22854C0600D1D938 /* AppDelegate.swift */; };
		67BF573F22854C0600D1D938 /* ViewController.swift in Sources */ = {isa = PBXBuildFile; fileRef = 67BF573E22854C0600D1D938 /* ViewController.swift */; };
		67BF574222854C0600D1D938 /* Main.storyboard in Resources */ = {isa = PBXBuildFile; fileRef = 67BF574022854C0600D1D938 /* Main.storyboard */; };
		67BF574422854C0800D1D938 /* Assets.xcassets in Resources */ = {isa = PBXBuildFile; fileRef = 67BF574322854C0800D1D938 /* Assets.xcassets */; };
		67BF574722854C0800D1D938 /* LaunchScreen.storyboard in Resources */ = {isa = PBXBuildFile; fileRef = 67BF574522854C0800D1D938 /* LaunchScreen.storyboard */; };
		67BF575222854C0800D1D938 /* SapientTaskTests.swift in Sources */ = {isa = PBXBuildFile; fileRef = 67BF575122854C0800D1D938 /* SapientTaskTests.swift */; };
		67BF575D22854C0800D1D938 /* SapientTaskUITests.swift in Sources */ = {isa = PBXBuildFile; fileRef = 67BF575C22854C0800D1D938 /* SapientTaskUITests.swift */; };
		67BF576B22854F2700D1D938 /* MainCVCell.swift in Sources */ = {isa = PBXBuildFile; fileRef = 67BF576A22854F2600D1D938 /* MainCVCell.swift */; };
		67BF576D2285579C00D1D938 /* GoogleService-Info.plist in Resources */ = {isa = PBXBuildFile; fileRef = 67BF576C2285579B00D1D938 /* GoogleService-Info.plist */; };
		67BF576F22855BCC00D1D938 /* db.json in Resources */ = {isa = PBXBuildFile; fileRef = 67BF576E22855BCC00D1D938 /* db.json */; };
		67BF5771228570AB00D1D938 /* carmodel.swift in Sources */ = {isa = PBXBuildFile; fileRef = 67BF5770228570AB00D1D938 /* carmodel.swift */; };
		7C9B0CB9BB9293AEE0A899A6 /* Pods_SapientTask.framework in Frameworks */ = {isa = PBXBuildFile; fileRef = DC1EA5221AA875B41C1741B6 /* Pods_SapientTask.framework */; };
/* End PBXBuildFile section */

/* Begin PBXContainerItemProxy section */
		67BF574E22854C0800D1D938 /* PBXContainerItemProxy */ = {
			isa = PBXContainerItemProxy;
			containerPortal = 67BF573122854C0600D1D938 /* Project object */;
			proxyType = 1;
			remoteGlobalIDString = 67BF573822854C0600D1D938;
			remoteInfo = SapientTask;
		};
		67BF575922854C0800D1D938 /* PBXContainerItemProxy */ = {
			isa = PBXContainerItemProxy;
			containerPortal = 67BF573122854C0600D1D938 /* Project object */;
			proxyType = 1;
			remoteGlobalIDString = 67BF573822854C0600D1D938;
			remoteInfo = SapientTask;
		};
/* End PBXContainerItemProxy section */

/* Begin PBXFileReference section */
		4B6FEB830D03AEDAF876F60A /* Pods-SapientTask.debug.xcconfig */ = {isa = PBXFileReference; includeInIndex = 1; lastKnownFileType = text.xcconfig; name = "Pods-SapientTask.debug.xcconfig"; path = "Target Support Files/Pods-SapientTask/Pods-SapientTask.debug.xcconfig"; sourceTree = "<group>"; };
		67BF573922854C0600D1D938 /* SapientTask.app */ = {isa = PBXFileReference; explicitFileType = wrapper.application; includeInIndex = 0; path = SapientTask.app; sourceTree = BUILT_PRODUCTS_DIR; };
		67BF573C22854C0600D1D938 /* AppDelegate.swift */ = {isa = PBXFileReference; lastKnownFileType = sourcecode.swift; path = AppDelegate.swift; sourceTree = "<group>"; };
		67BF573E22854C0600D1D938 /* ViewController.swift */ = {isa = PBXFileReference; lastKnownFileType = sourcecode.swift; path = ViewController.swift; sourceTree = "<group>"; };
		67BF574122854C0600D1D938 /* Base */ = {isa = PBXFileReference; lastKnownFileType = file.storyboard; name = Base; path = Base.lproj/Main.storyboard; sourceTree = "<group>"; };
		67BF574322854C0800D1D938 /* Assets.xcassets */ = {isa = PBXFileReference; lastKnownFileType = folder.assetcatalog; path = Assets.xcassets; sourceTree = "<group>"; };
		67BF574622854C0800D1D938 /* Base */ = {isa = PBXFileReference; lastKnownFileType = file.storyboard; name = Base; path = Base.lproj/LaunchScreen.storyboard; sourceTree = "<group>"; };
		67BF574822854C0800D1D938 /* Info.plist */ = {isa = PBXFileReference; lastKnownFileType = text.plist.xml; path = Info.plist; sourceTree = "<group>"; };
		67BF574D22854C0800D1D938 /* SapientTaskTests.xctest */ = {isa = PBXFileReference; explicitFileType = wrapper.cfbundle; includeInIndex = 0; path = SapientTaskTests.xctest; sourceTree = BUILT_PRODUCTS_DIR; };
		67BF575122854C0800D1D938 /* SapientTaskTests.swift */ = {isa = PBXFileReference; lastKnownFileType = sourcecode.swift; path = SapientTaskTests.swift; sourceTree = "<group>"; };
		67BF575322854C0800D1D938 /* Info.plist */ = {isa = PBXFileReference; lastKnownFileType = text.plist.xml; path = Info.plist; sourceTree = "<group>"; };
		67BF575822854C0800D1D938 /* SapientTaskUITests.xctest */ = {isa = PBXFileReference; explicitFileType = wrapper.cfbundle; includeInIndex = 0; path = SapientTaskUITests.xctest; sourceTree = BUILT_PRODUCTS_DIR; };
		67BF575C22854C0800D1D938 /* SapientTaskUITests.swift */ = {isa = PBXFileReference; lastKnownFileType = sourcecode.swift; path = SapientTaskUITests.swift; sourceTree = "<group>"; };
		67BF575E22854C0800D1D938 /* Info.plist */ = {isa = PBXFileReference; lastKnownFileType = text.plist.xml; path = Info.plist; sourceTree = "<group>"; };
		67BF576A22854F2600D1D938 /* MainCVCell.swift */ = {isa = PBXFileReference; lastKnownFileType = sourcecode.swift; path = MainCVCell.swift; sourceTree = "<group>"; };
		67BF576C2285579B00D1D938 /* GoogleService-Info.plist */ = {isa = PBXFileReference; fileEncoding = 4; lastKnownFileType = text.plist.xml; path = "GoogleService-Info.plist"; sourceTree = "<group>"; };
		67BF576E22855BCC00D1D938 /* db.json */ = {isa = PBXFileReference; lastKnownFileType = text.json; path = db.json; sourceTree = "<group>"; };
		67BF5770228570AB00D1D938 /* carmodel.swift */ = {isa = PBXFileReference; lastKnownFileType = sourcecode.swift; path = carmodel.swift; sourceTree = "<group>"; };
		BDC00E3CE83428610A7C9411 /* Pods-SapientTask.release.xcconfig */ = {isa = PBXFileReference; includeInIndex = 1; lastKnownFileType = text.xcconfig; name = "Pods-SapientTask.release.xcconfig"; path = "Target Support Files/Pods-SapientTask/Pods-SapientTask.release.xcconfig"; sourceTree = "<group>"; };
		DC1EA5221AA875B41C1741B6 /* Pods_SapientTask.framework */ = {isa = PBXFileReference; explicitFileType = wrapper.framework; includeInIndex = 0; path = Pods_SapientTask.framework; sourceTree = BUILT_PRODUCTS_DIR; };
/* End PBXFileReference section */

/* Begin PBXFrameworksBuildPhase section */
		67BF573622854C0600D1D938 /* Frameworks */ = {
			isa = PBXFrameworksBuildPhase;
			buildActionMask = 2147483647;
			files = (
				7C9B0CB9BB9293AEE0A899A6 /* Pods_SapientTask.framework in Frameworks */,
			);
			runOnlyForDeploymentPostprocessing = 0;
		};
		67BF574A22854C0800D1D938 /* Frameworks */ = {
			isa = PBXFrameworksBuildPhase;
			buildActionMask = 2147483647;
			files = (
			);
			runOnlyForDeploymentPostprocessing = 0;
		};
		67BF575522854C0800D1D938 /* Frameworks */ = {
			isa = PBXFrameworksBuildPhase;
			buildActionMask = 2147483647;
			files = (
			);
			runOnlyForDeploymentPostprocessing = 0;
		};
/* End PBXFrameworksBuildPhase section */

/* Begin PBXGroup section */
		2384EAF04E16F848CE2FF20F /* Frameworks */ = {
			isa = PBXGroup;
			children = (
				DC1EA5221AA875B41C1741B6 /* Pods_SapientTask.framework */,
			);
			name = Frameworks;
			sourceTree = "<group>";
		};
		51145458D7489630A0D2A683 /* Pods */ = {
			isa = PBXGroup;
			children = (
				4B6FEB830D03AEDAF876F60A /* Pods-SapientTask.debug.xcconfig */,
				BDC00E3CE83428610A7C9411 /* Pods-SapientTask.release.xcconfig */,
			);
			path = Pods;
			sourceTree = "<group>";
		};
		67BF573022854C0600D1D938 = {
			isa = PBXGroup;
			children = (
				67BF573B22854C0600D1D938 /* SapientTask */,
				67BF575022854C0800D1D938 /* SapientTaskTests */,
				67BF575B22854C0800D1D938 /* SapientTaskUITests */,
				67BF573A22854C0600D1D938 /* Products */,
				51145458D7489630A0D2A683 /* Pods */,
				2384EAF04E16F848CE2FF20F /* Frameworks */,
			);
			sourceTree = "<group>";
		};
		67BF573A22854C0600D1D938 /* Products */ = {
			isa = PBXGroup;
			children = (
				67BF573922854C0600D1D938 /* SapientTask.app */,
				67BF574D22854C0800D1D938 /* SapientTaskTests.xctest */,
				67BF575822854C0800D1D938 /* SapientTaskUITests.xctest */,
			);
			name = Products;
			sourceTree = "<group>";
		};
		67BF573B22854C0600D1D938 /* SapientTask */ = {
			isa = PBXGroup;
			children = (
				67BF573C22854C0600D1D938 /* AppDelegate.swift */,
				67BF573E22854C0600D1D938 /* ViewController.swift */,
				67BF576E22855BCC00D1D938 /* db.json */,
				67BF576A22854F2600D1D938 /* MainCVCell.swift */,
				67BF5770228570AB00D1D938 /* carmodel.swift */,
				67BF574022854C0600D1D938 /* Main.storyboard */,
				67BF574322854C0800D1D938 /* Assets.xcassets */,
				67BF574522854C0800D1D938 /* LaunchScreen.storyboard */,
				67BF574822854C0800D1D938 /* Info.plist */,
				67BF576C2285579B00D1D938 /* GoogleService-Info.plist */,
			);
			path = SapientTask;
			sourceTree = "<group>";
		};
		67BF575022854C0800D1D938 /* SapientTaskTests */ = {
			isa = PBXGroup;
			children = (
				67BF575122854C0800D1D938 /* SapientTaskTests.swift */,
				67BF575322854C0800D1D938 /* Info.plist */,
			);
			path = SapientTaskTests;
			sourceTree = "<group>";
		};
		67BF575B22854C0800D1D938 /* SapientTaskUITests */ = {
			isa = PBXGroup;
			children = (
				67BF575C22854C0800D1D938 /* SapientTaskUITests.swift */,
				67BF575E22854C0800D1D938 /* Info.plist */,
			);
			path = SapientTaskUITests;
			sourceTree = "<group>";
		};
/* End PBXGroup section */

/* Begin PBXNativeTarget section */
		67BF573822854C0600D1D938 /* SapientTask */ = {
			isa = PBXNativeTarget;
			buildConfigurationList = 67BF576122854C0800D1D938 /* Build configuration list for PBXNativeTarget "SapientTask" */;
			buildPhases = (
				C74C41CC236C9F88551949DE /* [CP] Check Pods Manifest.lock */,
				67BF573522854C0600D1D938 /* Sources */,
				67BF573622854C0600D1D938 /* Frameworks */,
				67BF573722854C0600D1D938 /* Resources */,
				45D8166F5F2A76B199BC332A /* [CP] Embed Pods Frameworks */,
			);
			buildRules = (
			);
			dependencies = (
			);
			name = SapientTask;
			productName = SapientTask;
			productReference = 67BF573922854C0600D1D938 /* SapientTask.app */;
			productType = "com.apple.product-type.application";
		};
		67BF574C22854C0800D1D938 /* SapientTaskTests */ = {
			isa = PBXNativeTarget;
			buildConfigurationList = 67BF576422854C0800D1D938 /* Build configuration list for PBXNativeTarget "SapientTaskTests" */;
			buildPhases = (
				67BF574922854C0800D1D938 /* Sources */,
				67BF574A22854C0800D1D938 /* Frameworks */,
				67BF574B22854C0800D1D938 /* Resources */,
			);
			buildRules = (
			);
			dependencies = (
				67BF574F22854C0800D1D938 /* PBXTargetDependency */,
			);
			name = SapientTaskTests;
			productName = SapientTaskTests;
			productReference = 67BF574D22854C0800D1D938 /* SapientTaskTests.xctest */;
			productType = "com.apple.product-type.bundle.unit-test";
		};
		67BF575722854C0800D1D938 /* SapientTaskUITests */ = {
			isa = PBXNativeTarget;
			buildConfigurationList = 67BF576722854C0800D1D938 /* Build configuration list for PBXNativeTarget "SapientTaskUITests" */;
			buildPhases = (
				67BF575422854C0800D1D938 /* Sources */,
				67BF575522854C0800D1D938 /* Frameworks */,
				67BF575622854C0800D1D938 /* Resources */,
			);
			buildRules = (
			);
			dependencies = (
				67BF575A22854C0800D1D938 /* PBXTargetDependency */,
			);
			name = SapientTaskUITests;
			productName = SapientTaskUITests;
			productReference = 67BF575822854C0800D1D938 /* SapientTaskUITests.xctest */;
			productType = "com.apple.product-type.bundle.ui-testing";
		};
/* End PBXNativeTarget section */

/* Begin PBXProject section */
		67BF573122854C0600D1D938 /* Project object */ = {
			isa = PBXProject;
			attributes = {
				LastSwiftUpdateCheck = 1010;
				LastUpgradeCheck = 1010;
				ORGANIZATIONNAME = visionetSystems;
				TargetAttributes = {
					67BF573822854C0600D1D938 = {
						CreatedOnToolsVersion = 10.1;
					};
					67BF574C22854C0800D1D938 = {
						CreatedOnToolsVersion = 10.1;
						TestTargetID = 67BF573822854C0600D1D938;
					};
					67BF575722854C0800D1D938 = {
						CreatedOnToolsVersion = 10.1;
						TestTargetID = 67BF573822854C0600D1D938;
					};
				};
			};
			buildConfigurationList = 67BF573422854C0600D1D938 /* Build configuration list for PBXProject "SapientTask" */;
			compatibilityVersion = "Xcode 9.3";
			developmentRegion = en;
			hasScannedForEncodings = 0;
			knownRegions = (
				en,
				Base,
			);
			mainGroup = 67BF573022854C0600D1D938;
			productRefGroup = 67BF573A22854C0600D1D938 /* Products */;
			projectDirPath = "";
			projectRoot = "";
			targets = (
				67BF573822854C0600D1D938 /* SapientTask */,
				67BF574C22854C0800D1D938 /* SapientTaskTests */,
				67BF575722854C0800D1D938 /* SapientTaskUITests */,
			);
		};
/* End PBXProject section */

/* Begin PBXResourcesBuildPhase section */
		67BF573722854C0600D1D938 /* Resources */ = {
			isa = PBXResourcesBuildPhase;
			buildActionMask = 2147483647;
			files = (
				67BF574722854C0800D1D938 /* LaunchScreen.storyboard in Resources */,
				67BF576D2285579C00D1D938 /* GoogleService-Info.plist in Resources */,
				67BF574422854C0800D1D938 /* Assets.xcassets in Resources */,
				67BF576F22855BCC00D1D938 /* db.json in Resources */,
				67BF574222854C0600D1D938 /* Main.storyboard in Resources */,
			);
			runOnlyForDeploymentPostprocessing = 0;
		};
		67BF574B22854C0800D1D938 /* Resources */ = {
			isa = PBXResourcesBuildPhase;
			buildActionMask = 2147483647;
			files = (
			);
			runOnlyForDeploymentPostprocessing = 0;
		};
		67BF575622854C0800D1D938 /* Resources */ = {
			isa = PBXResourcesBuildPhase;
			buildActionMask = 2147483647;
			files = (
			);
			runOnlyForDeploymentPostprocessing = 0;
		};
/* End PBXResourcesBuildPhase section */

/* Begin PBXShellScriptBuildPhase section */
		45D8166F5F2A76B199BC332A /* [CP] Embed Pods Frameworks */ = {
			isa = PBXShellScriptBuildPhase;
			buildActionMask = 2147483647;
			files = (
			);
			inputFileListPaths = (
			);
			inputPaths = (
				"${PODS_ROOT}/Target Support Files/Pods-SapientTask/Pods-SapientTask-frameworks.sh",
				"${BUILT_PRODUCTS_DIR}/GTMSessionFetcher/GTMSessionFetcher.framework",
				"${BUILT_PRODUCTS_DIR}/GoogleUtilities/GoogleUtilities.framework",
				"${BUILT_PRODUCTS_DIR}/leveldb-library/leveldb.framework",
				"${BUILT_PRODUCTS_DIR}/nanopb/nanopb.framework",
			);
			name = "[CP] Embed Pods Frameworks";
			outputFileListPaths = (
			);
			outputPaths = (
				"${TARGET_BUILD_DIR}/${FRAMEWORKS_FOLDER_PATH}/GTMSessionFetcher.framework",
				"${TARGET_BUILD_DIR}/${FRAMEWORKS_FOLDER_PATH}/GoogleUtilities.framework",
				"${TARGET_BUILD_DIR}/${FRAMEWORKS_FOLDER_PATH}/leveldb.framework",
				"${TARGET_BUILD_DIR}/${FRAMEWORKS_FOLDER_PATH}/nanopb.framework",
			);
			runOnlyForDeploymentPostprocessing = 0;
			shellPath = /bin/sh;
			shellScript = "\"${PODS_ROOT}/Target Support Files/Pods-SapientTask/Pods-SapientTask-frameworks.sh\"\n";
			showEnvVarsInLog = 0;
		};
		C74C41CC236C9F88551949DE /* [CP] Check Pods Manifest.lock */ = {
			isa = PBXShellScriptBuildPhase;
			buildActionMask = 2147483647;
			files = (
			);
			inputFileListPaths = (
			);
			inputPaths = (
				"${PODS_PODFILE_DIR_PATH}/Podfile.lock",
				"${PODS_ROOT}/Manifest.lock",
			);
			name = "[CP] Check Pods Manifest.lock";
			outputFileListPaths = (
			);
			outputPaths = (
				"$(DERIVED_FILE_DIR)/Pods-SapientTask-checkManifestLockResult.txt",
			);
			runOnlyForDeploymentPostprocessing = 0;
			shellPath = /bin/sh;
			shellScript = "diff \"${PODS_PODFILE_DIR_PATH}/Podfile.lock\" \"${PODS_ROOT}/Manifest.lock\" > /dev/null\nif [ $? != 0 ] ; then\n    # print error to STDERR\n    echo \"error: The sandbox is not in sync with the Podfile.lock. Run 'pod install' or update your CocoaPods installation.\" >&2\n    exit 1\nfi\n# This output is used by Xcode 'outputs' to avoid re-running this script phase.\necho \"SUCCESS\" > \"${SCRIPT_OUTPUT_FILE_0}\"\n";
			showEnvVarsInLog = 0;
		};
/* End PBXShellScriptBuildPhase section */

/* Begin PBXSourcesBuildPhase section */
		67BF573522854C0600D1D938 /* Sources */ = {
			isa = PBXSourcesBuildPhase;
			buildActionMask = 2147483647;
			files = (
				67BF5771228570AB00D1D938 /* carmodel.swift in Sources */,
				67BF576B22854F2700D1D938 /* MainCVCell.swift in Sources */,
				67BF573F22854C0600D1D938 /* ViewController.swift in Sources */,
				67BF573D22854C0600D1D938 /* AppDelegate.swift in Sources */,
			);
			runOnlyForDeploymentPostprocessing = 0;
		};
		67BF574922854C0800D1D938 /* Sources */ = {
			isa = PBXSourcesBuildPhase;
			buildActionMask = 2147483647;
			files = (
				67BF575222854C0800D1D938 /* SapientTaskTests.swift in Sources */,
			);
			runOnlyForDeploymentPostprocessing = 0;
		};
		67BF575422854C0800D1D938 /* Sources */ = {
			isa = PBXSourcesBuildPhase;
			buildActionMask = 2147483647;
			files = (
				67BF575D22854C0800D1D938 /* SapientTaskUITests.swift in Sources */,
			);
			runOnlyForDeploymentPostprocessing = 0;
		};
/* End PBXSourcesBuildPhase section */

/* Begin PBXTargetDependency section */
		67BF574F22854C0800D1D938 /* PBXTargetDependency */ = {
			isa = PBXTargetDependency;
			target = 67BF573822854C0600D1D938 /* SapientTask */;
			targetProxy = 67BF574E22854C0800D1D938 /* PBXContainerItemProxy */;
		};
		67BF575A22854C0800D1D938 /* PBXTargetDependency */ = {
			isa = PBXTargetDependency;
			target = 67BF573822854C0600D1D938 /* SapientTask */;
			targetProxy = 67BF575922854C0800D1D938 /* PBXContainerItemProxy */;
		};
/* End PBXTargetDependency section */

/* Begin PBXVariantGroup section */
		67BF574022854C0600D1D938 /* Main.storyboard */ = {
			isa = PBXVariantGroup;
			children = (
				67BF574122854C0600D1D938 /* Base */,
			);
			name = Main.storyboard;
			sourceTree = "<group>";
		};
		67BF574522854C0800D1D938 /* LaunchScreen.storyboard */ = {
			isa = PBXVariantGroup;
			children = (
				67BF574622854C0800D1D938 /* Base */,
			);
			name = LaunchScreen.storyboard;
			sourceTree = "<group>";
		};
/* End PBXVariantGroup section */

/* Begin XCBuildConfiguration section */
		67BF575F22854C0800D1D938 /* Debug */ = {
			isa = XCBuildConfiguration;
			buildSettings = {
				ALWAYS_SEARCH_USER_PATHS = NO;
				CLANG_ANALYZER_NONNULL = YES;
				CLANG_ANALYZER_NUMBER_OBJECT_CONVERSION = YES_AGGRESSIVE;
				CLANG_CXX_LANGUAGE_STANDARD = "gnu++14";
				CLANG_CXX_LIBRARY = "libc++";
				CLANG_ENABLE_MODULES = YES;
				CLANG_ENABLE_OBJC_ARC = YES;
				CLANG_ENABLE_OBJC_WEAK = YES;
				CLANG_WARN_BLOCK_CAPTURE_AUTORELEASING = YES;
				CLANG_WARN_BOOL_CONVERSION = YES;
				CLANG_WARN_COMMA = YES;
				CLANG_WARN_CONSTANT_CONVERSION = YES;
				CLANG_WARN_DEPRECATED_OBJC_IMPLEMENTATIONS = YES;
				CLANG_WARN_DIRECT_OBJC_ISA_USAGE = YES_ERROR;
				CLANG_WARN_DOCUMENTATION_COMMENTS = YES;
				CLANG_WARN_EMPTY_BODY = YES;
				CLANG_WARN_ENUM_CONVERSION = YES;
				CLANG_WARN_INFINITE_RECURSION = YES;
				CLANG_WARN_INT_CONVERSION = YES;
				CLANG_WARN_NON_LITERAL_NULL_CONVERSION = YES;
				CLANG_WARN_OBJC_IMPLICIT_RETAIN_SELF = YES;
				CLANG_WARN_OBJC_LITERAL_CONVERSION = YES;
				CLANG_WARN_OBJC_ROOT_CLASS = YES_ERROR;
				CLANG_WARN_RANGE_LOOP_ANALYSIS = YES;
				CLANG_WARN_STRICT_PROTOTYPES = YES;
				CLANG_WARN_SUSPICIOUS_MOVE = YES;
				CLANG_WARN_UNGUARDED_AVAILABILITY = YES_AGGRESSIVE;
				CLANG_WARN_UNREACHABLE_CODE = YES;
				CLANG_WARN__DUPLICATE_METHOD_MATCH = YES;
				CODE_SIGN_IDENTITY = "iPhone Developer";
				COPY_PHASE_STRIP = NO;
				DEBUG_INFORMATION_FORMAT = dwarf;
				ENABLE_STRICT_OBJC_MSGSEND = YES;
				ENABLE_TESTABILITY = YES;
				GCC_C_LANGUAGE_STANDARD = gnu11;
				GCC_DYNAMIC_NO_PIC = NO;
				GCC_NO_COMMON_BLOCKS = YES;
				GCC_OPTIMIZATION_LEVEL = 0;
				GCC_PREPROCESSOR_DEFINITIONS = (
					"DEBUG=1",
					"$(inherited)",
				);
				GCC_WARN_64_TO_32_BIT_CONVERSION = YES;
				GCC_WARN_ABOUT_RETURN_TYPE = YES_ERROR;
				GCC_WARN_UNDECLARED_SELECTOR = YES;
				GCC_WARN_UNINITIALIZED_AUTOS = YES_AGGRESSIVE;
				GCC_WARN_UNUSED_FUNCTION = YES;
				GCC_WARN_UNUSED_VARIABLE = YES;
				IPHONEOS_DEPLOYMENT_TARGET = 12.1;
				MTL_ENABLE_DEBUG_INFO = INCLUDE_SOURCE;
				MTL_FAST_MATH = YES;
				ONLY_ACTIVE_ARCH = YES;
				SDKROOT = iphoneos;
				SWIFT_ACTIVE_COMPILATION_CONDITIONS = DEBUG;
				SWIFT_OPTIMIZATION_LEVEL = "-Onone";
			};
			name = Debug;
		};
		67BF576022854C0800D1D938 /* Release */ = {
			isa = XCBuildConfiguration;
			buildSettings = {
				ALWAYS_SEARCH_USER_PATHS = NO;
				CLANG_ANALYZER_NONNULL = YES;
				CLANG_ANALYZER_NUMBER_OBJECT_CONVERSION = YES_AGGRESSIVE;
				CLANG_CXX_LANGUAGE_STANDARD = "gnu++14";
				CLANG_CXX_LIBRARY = "libc++";
				CLANG_ENABLE_MODULES = YES;
				CLANG_ENABLE_OBJC_ARC = YES;
				CLANG_ENABLE_OBJC_WEAK = YES;
				CLANG_WARN_BLOCK_CAPTURE_AUTORELEASING = YES;
				CLANG_WARN_BOOL_CONVERSION = YES;
				CLANG_WARN_COMMA = YES;
				CLANG_WARN_CONSTANT_CONVERSION = YES;
				CLANG_WARN_DEPRECATED_OBJC_IMPLEMENTATIONS = YES;
				CLANG_WARN_DIRECT_OBJC_ISA_USAGE = YES_ERROR;
				CLANG_WARN_DOCUMENTATION_COMMENTS = YES;
				CLANG_WARN_EMPTY_BODY = YES;
				CLANG_WARN_ENUM_CONVERSION = YES;
				CLANG_WARN_INFINITE_RECURSION = YES;
				CLANG_WARN_INT_CONVERSION = YES;
				CLANG_WARN_NON_LITERAL_NULL_CONVERSION = YES;
				CLANG_WARN_OBJC_IMPLICIT_RETAIN_SELF = YES;
				CLANG_WARN_OBJC_LITERAL_CONVERSION = YES;
				CLANG_WARN_OBJC_ROOT_CLASS = YES_ERROR;
				CLANG_WARN_RANGE_LOOP_ANALYSIS = YES;
				CLANG_WARN_STRICT_PROTOTYPES = YES;
				CLANG_WARN_SUSPICIOUS_MOVE = YES;
				CLANG_WARN_UNGUARDED_AVAILABILITY = YES_AGGRESSIVE;
				CLANG_WARN_UNREACHABLE_CODE = YES;
				CLANG_WARN__DUPLICATE_METHOD_MATCH = YES;
				CODE_SIGN_IDENTITY = "iPhone Developer";
				COPY_PHASE_STRIP = NO;
				DEBUG_INFORMATION_FORMAT = "dwarf-with-dsym";
				ENABLE_NS_ASSERTIONS = NO;
				ENABLE_STRICT_OBJC_MSGSEND = YES;
				GCC_C_LANGUAGE_STANDARD = gnu11;
				GCC_NO_COMMON_BLOCKS = YES;
				GCC_WARN_64_TO_32_BIT_CONVERSION = YES;
				GCC_WARN_ABOUT_RETURN_TYPE = YES_ERROR;
				GCC_WARN_UNDECLARED_SELECTOR = YES;
				GCC_WARN_UNINITIALIZED_AUTOS = YES_AGGRESSIVE;
				GCC_WARN_UNUSED_FUNCTION = YES;
				GCC_WARN_UNUSED_VARIABLE = YES;
				IPHONEOS_DEPLOYMENT_TARGET = 12.1;
				MTL_ENABLE_DEBUG_INFO = NO;
				MTL_FAST_MATH = YES;
				SDKROOT = iphoneos;
				SWIFT_COMPILATION_MODE = wholemodule;
				SWIFT_OPTIMIZATION_LEVEL = "-O";
				VALIDATE_PRODUCT = YES;
			};
			name = Release;
		};
		67BF576222854C0800D1D938 /* Debug */ = {
			isa = XCBuildConfiguration;
			baseConfigurationReference = 4B6FEB830D03AEDAF876F60A /* Pods-SapientTask.debug.xcconfig */;
			buildSettings = {
				ASSETCATALOG_COMPILER_APPICON_NAME = AppIcon;
				CODE_SIGN_STYLE = Automatic;
				DEVELOPMENT_TEAM = XB28RL562Q;
				INFOPLIST_FILE = SapientTask/Info.plist;
				LD_RUNPATH_SEARCH_PATHS = (
					"$(inherited)",
					"@executable_path/Frameworks",
				);
				PRODUCT_BUNDLE_IDENTIFIER = com.visionet.SapientTask;
				PRODUCT_NAME = "$(TARGET_NAME)";
				SWIFT_VERSION = 4.2;
				TARGETED_DEVICE_FAMILY = "1,2";
			};
			name = Debug;
		};
		67BF576322854C0800D1D938 /* Release */ = {
			isa = XCBuildConfiguration;
			baseConfigurationReference = BDC00E3CE83428610A7C9411 /* Pods-SapientTask.release.xcconfig */;
			buildSettings = {
				ASSETCATALOG_COMPILER_APPICON_NAME = AppIcon;
				CODE_SIGN_STYLE = Automatic;
				DEVELOPMENT_TEAM = XB28RL562Q;
				INFOPLIST_FILE = SapientTask/Info.plist;
				LD_RUNPATH_SEARCH_PATHS = (
					"$(inherited)",
					"@executable_path/Frameworks",
				);
				PRODUCT_BUNDLE_IDENTIFIER = com.visionet.SapientTask;
				PRODUCT_NAME = "$(TARGET_NAME)";
				SWIFT_VERSION = 4.2;
				TARGETED_DEVICE_FAMILY = "1,2";
			};
			name = Release;
		};
		67BF576522854C0800D1D938 /* Debug */ = {
			isa = XCBuildConfiguration;
			buildSettings = {
				ALWAYS_EMBED_SWIFT_STANDARD_LIBRARIES = YES;
				BUNDLE_LOADER = "$(TEST_HOST)";
				CODE_SIGN_STYLE = Automatic;
				DEVELOPMENT_TEAM = XB28RL562Q;
				INFOPLIST_FILE = SapientTaskTests/Info.plist;
				LD_RUNPATH_SEARCH_PATHS = (
					"$(inherited)",
					"@executable_path/Frameworks",
					"@loader_path/Frameworks",
				);
				PRODUCT_BUNDLE_IDENTIFIER = visionet.SapientTaskTests;
				PRODUCT_NAME = "$(TARGET_NAME)";
				SWIFT_VERSION = 4.2;
				TARGETED_DEVICE_FAMILY = "1,2";
				TEST_HOST = "$(BUILT_PRODUCTS_DIR)/SapientTask.app/SapientTask";
			};
			name = Debug;
		};
		67BF576622854C0800D1D938 /* Release */ = {
			isa = XCBuildConfiguration;
			buildSettings = {
				ALWAYS_EMBED_SWIFT_STANDARD_LIBRARIES = YES;
				BUNDLE_LOADER = "$(TEST_HOST)";
				CODE_SIGN_STYLE = Automatic;
				DEVELOPMENT_TEAM = XB28RL562Q;
				INFOPLIST_FILE = SapientTaskTests/Info.plist;
				LD_RUNPATH_SEARCH_PATHS = (
					"$(inherited)",
					"@executable_path/Frameworks",
					"@loader_path/Frameworks",
				);
				PRODUCT_BUNDLE_IDENTIFIER = visionet.SapientTaskTests;
				PRODUCT_NAME = "$(TARGET_NAME)";
				SWIFT_VERSION = 4.2;
				TARGETED_DEVICE_FAMILY = "1,2";
				TEST_HOST = "$(BUILT_PRODUCTS_DIR)/SapientTask.app/SapientTask";
			};
			name = Release;
		};
		67BF576822854C0800D1D938 /* Debug */ = {
			isa = XCBuildConfiguration;
			buildSettings = {
				ALWAYS_EMBED_SWIFT_STANDARD_LIBRARIES = YES;
				CODE_SIGN_STYLE = Automatic;
				DEVELOPMENT_TEAM = XB28RL562Q;
				INFOPLIST_FILE = SapientTaskUITests/Info.plist;
				LD_RUNPATH_SEARCH_PATHS = (
					"$(inherited)",
					"@executable_path/Frameworks",
					"@loader_path/Frameworks",
				);
				PRODUCT_BUNDLE_IDENTIFIER = visionet.SapientTaskUITests;
				PRODUCT_NAME = "$(TARGET_NAME)";
				SWIFT_VERSION = 4.2;
				TARGETED_DEVICE_FAMILY = "1,2";
				TEST_TARGET_NAME = SapientTask;
			};
			name = Debug;
		};
		67BF576922854C0800D1D938 /* Release */ = {
			isa = XCBuildConfiguration;
			buildSettings = {
				ALWAYS_EMBED_SWIFT_STANDARD_LIBRARIES = YES;
				CODE_SIGN_STYLE = Automatic;
				DEVELOPMENT_TEAM = XB28RL562Q;
				INFOPLIST_FILE = SapientTaskUITests/Info.plist;
				LD_RUNPATH_SEARCH_PATHS = (
					"$(inherited)",
					"@executable_path/Frameworks",
					"@loader_path/Frameworks",
				);
				PRODUCT_BUNDLE_IDENTIFIER = visionet.SapientTaskUITests;
				PRODUCT_NAME = "$(TARGET_NAME)";
				SWIFT_VERSION = 4.2;
				TARGETED_DEVICE_FAMILY = "1,2";
				TEST_TARGET_NAME = SapientTask;
			};
			name = Release;
		};
/* End XCBuildConfiguration section */

/* Begin XCConfigurationList section */
		67BF573422854C0600D1D938 /* Build configuration list for PBXProject "SapientTask" */ = {
			isa = XCConfigurationList;
			buildConfigurations = (
				67BF575F22854C0800D1D938 /* Debug */,
				67BF576022854C0800D1D938 /* Release */,
			);
			defaultConfigurationIsVisible = 0;
			defaultConfigurationName = Release;
		};
		67BF576122854C0800D1D938 /* Build configuration list for PBXNativeTarget "SapientTask" */ = {
			isa = XCConfigurationList;
			buildConfigurations = (
				67BF576222854C0800D1D938 /* Debug */,
				67BF576322854C0800D1D938 /* Release */,
			);
			defaultConfigurationIsVisible = 0;
			defaultConfigurationName = Release;
		};
		67BF576422854C0800D1D938 /* Build configuration list for PBXNativeTarget "SapientTaskTests" */ = {
			isa = XCConfigurationList;
			buildConfigurations = (
				67BF576522854C0800D1D938 /* Debug */,
				67BF576622854C0800D1D938 /* Release */,
			);
			defaultConfigurationIsVisible = 0;
			defaultConfigurationName = Release;
		};
		67BF576722854C0800D1D938 /* Build configuration list for PBXNativeTarget "SapientTaskUITests" */ = {
			isa = XCConfigurationList;
			buildConfigurations = (
				67BF576822854C0800D1D938 /* Debug */,
				67BF576922854C0800D1D938 /* Release */,
			);
			defaultConfigurationIsVisible = 0;
			defaultConfigurationName = Release;
		};
/* End XCConfigurationList section */
	};
	rootObject = 67BF573122854C0600D1D938 /* Project object */;
}
